
Microsoft Visual Studio Solution File, Format Version 12.00
# Visual Studio Version 17
VisualStudioVersion = 17.9.34723.18
MinimumVisualStudioVersion = 10.0.40219.1
Project("{FAE04EC0-301F-11D3-BF4B-00C04F79EFBC}") = "GUI", "GUI.csproj", "{7C48125B-47EC-4EA9-AEE6-BFA7A9B0497C}"
EndProject
Global
	GlobalSection(SolutionConfigurationPlatforms) = preSolution
		Debug|Any CPU = Debug|Any CPU
		Release|Any CPU = Release|Any CPU
	EndGlobalSection
	GlobalSection(ProjectConfigurationPlatforms) = postSolution
		{7C48125B-47EC-4EA9-AEE6-BFA7A9B0497C}.Debug|Any CPU.ActiveCfg = Debug|Any CPU
		{7C48125B-47EC-4EA9-AEE6-BFA7A9B0497C}.Debug|Any CPU.Build.0 = Debug|Any CPU
		{7C48125B-47EC-4EA9-AEE6-BFA7A9B0497C}.Release|Any CPU.ActiveCfg = Release|Any CPU
		{7C48125B-47EC-4EA9-AEE6-BFA7A9B0497C}.Release|Any CPU.Build.0 = Release|Any CPU
	EndGlobalSection
	GlobalSection(SolutionProperties) = preSolution
		HideSolutionNode = FALSE
	EndGlobalSection
	GlobalSection(ExtensibilityGlobals) = postSolution
		SolutionGuid = {1E9FD6B2-0092-4CB5-A144-022328875B4F}
	EndGlobalSection
EndGlobal
